github.com/eiannone/keyboard v0.0.0-20190314115158-7169d0afeb4f h1:UnS2RJ1y4KXbupaWRmMIkfFE9IBW//FiSCfTnHTsErI=
github.com/eiannone/keyboard v0.0.0-20190314115158-7169d0afeb4f/go.mod h1:Xoiu5VdKMvbRgHuY7+z64lhu/7lvax/22nzASF6GrO8=
github.com/jroimartin/gocui v0.4.0 h1:52jnalstgmc25FmtGcWqa0tcbMEWS6RpFLsOIO+I+E8=
github.com/jroimartin/gocui v0.4.0/go.mod h1:7i7bbj99OgFHzo7kB2zPb8pXLqMBSQegY7azfqXMkyY=
github.com/marcinbor85/gohex v0.0.0-20180128172054-7a43cd876e46 h1:wXG2bA8fO7Vv7lLk2PihFMTqmbT173Tje39oKzQ50Mo=
github.com/marcinbor85/gohex v0.0.0-20180128172054-7a43cd876e46/go.mod h1:Pb6XcsXyropB9LNHhnqaknG/vEwYztLkQzVCHv8sQ3M=
github.com/mattn/go-runewidth v0.0.4 h1:2BvfKmzob6Bmd4YsL0zygOqfdFnK7GR4QL06Do4/p7Y=
github.com/mattn/go-runewidth v0.0.4/go.mod h1:LwmH8dsx7+W8Uxz3IHJYH5QSwggIsqBzpuz5H//U1FU=
github.com/nsf/termbox-go v0.0.0-20190817171036-93860e161317 h1:hhGN4SFXgXo61Q4Sjj/X9sBjyeSa2kdpaOzCO+8EVQw=
github.com/nsf/termbox-go v0.0.0-20190817171036-93860e161317/go.mod h1:IuKpRQcYE1Tfu+oAQqaLisqDeXgjyyltCfsaoYN18NQ=
github.com/veandco/go-sdl2 v0.4.4 h1:coOJGftOdvNvGoUIZmm4XD+ZRQF4mg9ZVHmH3/42zFQ=
github.com/veandco/go-sdl2 v0.4.4/go.mod h1:FB+kTpX9YTE+urhYiClnRzpOXbiWgaU3+5F2AB78DPg=
golang.org/x/sys v0.0.0-20190922100055-0a153f010e69 h1:rOhMmluY6kLMhdnrivzec6lLgaVbMHMn2ISQXJeJ5EM=
golang.org/x/sys v0.0.0-20190922100055-0a153f010e69/go.mod h1:h1NjWce9XRLGQEsW7wpKNCjG9DtNlClVuFLEZdDNbEs=
gopkg.in/ini.v1 v1.62.0 h1:duBzk771uxoUuOlyRLkHsygud9+5lrlGjdFBb4mSKDU=
gopkg.in/ini.v1 v1.62.0/go.mod h1:pNLf8WUiyNEtQjuu5G5vTm06TEv9tsIgeAvK8hOrP4k=
